
Microsoft Visual Studio Solution File, Format Version 12.00
# Visual Studio Version 16
VisualStudioVersion = 16.0.30907.101
MinimumVisualStudioVersion = 10.0.40219.1
Project("{9A19103F-16F7-4668-BE54-9A1E7A4F7556}") = "RSSFeedStats", "RSSFeedStats.csproj", "{29CDD4A7-99CB-4825-9EDC-78AB24CC6F09}"
EndProject
Global
	GlobalSection(SolutionConfigurationPlatforms) = preSolution
		Debug|Any CPU = Debug|Any CPU
		Release|Any CPU = Release|Any CPU
	EndGlobalSection
	GlobalSection(ProjectConfigurationPlatforms) = postSolution
		{29CDD4A7-99CB-4825-9EDC-78AB24CC6F09}.Debug|Any CPU.ActiveCfg = Debug|Any CPU
		{29CDD4A7-99CB-4825-9EDC-78AB24CC6F09}.Debug|Any CPU.Build.0 = Debug|Any CPU
		{29CDD4A7-99CB-4825-9EDC-78AB24CC6F09}.Release|Any CPU.ActiveCfg = Release|Any CPU
		{29CDD4A7-99CB-4825-9EDC-78AB24CC6F09}.Release|Any CPU.Build.0 = Release|Any CPU
	EndGlobalSection
	GlobalSection(SolutionProperties) = preSolution
		HideSolutionNode = FALSE
	EndGlobalSection
	GlobalSection(ExtensibilityGlobals) = postSolution
		SolutionGuid = {37CFE441-FFB5-4701-B98F-309B3C268E7A}
	EndGlobalSection
EndGlobal
